{
  "requires": true,
  "lockfileVersion": 1,
  "dependencies": {
    "@babylonjs/core": {
      "version": "5.43.0",
      "resolved": "https://registry.npmjs.org/@babylonjs/core/-/core-5.43.0.tgz",
      "integrity": "sha512-aM7aZveRKjcGd+SW1VmatE04L+NOHQjqYdmz4XqnUyP23J7Q36D9rwp1Eai63HXE3A0yfTaeOwxwNmYBYXLfyQ=="
    },
    "@babylonjs/gui": {
      "version": "5.43.0",
      "resolved": "https://registry.npmjs.org/@babylonjs/gui/-/gui-5.43.0.tgz",
      "integrity": "sha512-PodtPsC6eR8IbKyF9xobidjE36zLsyViZefZVcB2mzuZgjgBlbTw9Uw9RqeCFuWXjUpq9XUPdYKvORZfd6FdlA=="
    },
    "@babylonjs/loaders": {
      "version": "5.43.0",
      "resolved": "https://registry.npmjs.org/@babylonjs/loaders/-/loaders-5.43.0.tgz",
      "integrity": "sha512-dobwmP3NdxCGNhZzWRetUvHvTZaz44Y6hpXkT1gdSLCC8ivIgapaL+S9gePxDFGGjjbtO5Oypo5cwQK0FV4SOA=="
    },
    "@babylonjs/materials": {
      "version": "5.43.0",
      "resolved": "https://registry.npmjs.org/@babylonjs/materials/-/materials-5.43.0.tgz",
      "integrity": "sha512-ZlzQwAuIPGdfXeEaPC+GssekIv11RloqgPx0ZW9k+D0OKayKD++3dV+cNfKBkjJ4HwkKdfaTrhPDfVnd0GoW6A=="
    }
  }
}
